
Microsoft Visual Studio Solution File, Format Version 12.00
# Visual Studio Version 16
VisualStudioVersion = 16.0.31321.278
MinimumVisualStudioVersion = 10.0.40219.1
Project("{9A19103F-16F7-4668-BE54-9A1E7A4F7556}") = "AluguelCarros", "AluguelCarros\AluguelCarros.csproj", "{5A9AE8FD-E864-464A-98C8-FD2E8C087950}"
EndProject
Project("{FAE04EC0-301F-11D3-BF4B-00C04F79EFBC}") = "ExercicioFixacao", "ExercicioFixacao\ExercicioFixacao.csproj", "{A826A70D-E859-4594-833A-ADD992BB4A0B}"
EndProject
Project("{FAE04EC0-301F-11D3-BF4B-00C04F79EFBC}") = "Aula", "Aula\Aula.csproj", "{4499EF39-0CE3-4292-AC64-D736E6796266}"
EndProject
Project("{FAE04EC0-301F-11D3-BF4B-00C04F79EFBC}") = "AulaIComparable", "AulaIComparable\AulaIComparable.csproj", "{8BEA9307-46B7-41E7-B09C-45D48350EF40}"
EndProject
Global
	GlobalSection(SolutionConfigurationPlatforms) = preSolution
		Debug|Any CPU = Debug|Any CPU
		Release|Any CPU = Release|Any CPU
	EndGlobalSection
	GlobalSection(ProjectConfigurationPlatforms) = postSolution
		{5A9AE8FD-E864-464A-98C8-FD2E8C087950}.Debug|Any CPU.ActiveCfg = Debug|Any CPU
		{5A9AE8FD-E864-464A-98C8-FD2E8C087950}.Debug|Any CPU.Build.0 = Debug|Any CPU
		{5A9AE8FD-E864-464A-98C8-FD2E8C087950}.Release|Any CPU.ActiveCfg = Release|Any CPU
		{5A9AE8FD-E864-464A-98C8-FD2E8C087950}.Release|Any CPU.Build.0 = Release|Any CPU
		{A826A70D-E859-4594-833A-ADD992BB4A0B}.Debug|Any CPU.ActiveCfg = Debug|Any CPU
		{A826A70D-E859-4594-833A-ADD992BB4A0B}.Debug|Any CPU.Build.0 = Debug|Any CPU
		{A826A70D-E859-4594-833A-ADD992BB4A0B}.Release|Any CPU.ActiveCfg = Release|Any CPU
		{A826A70D-E859-4594-833A-ADD992BB4A0B}.Release|Any CPU.Build.0 = Release|Any CPU
		{4499EF39-0CE3-4292-AC64-D736E6796266}.Debug|Any CPU.ActiveCfg = Debug|Any CPU
		{4499EF39-0CE3-4292-AC64-D736E6796266}.Debug|Any CPU.Build.0 = Debug|Any CPU
		{4499EF39-0CE3-4292-AC64-D736E6796266}.Release|Any CPU.ActiveCfg = Release|Any CPU
		{4499EF39-0CE3-4292-AC64-D736E6796266}.Release|Any CPU.Build.0 = Release|Any CPU
		{8BEA9307-46B7-41E7-B09C-45D48350EF40}.Debug|Any CPU.ActiveCfg = Debug|Any CPU
		{8BEA9307-46B7-41E7-B09C-45D48350EF40}.Debug|Any CPU.Build.0 = Debug|Any CPU
		{8BEA9307-46B7-41E7-B09C-45D48350EF40}.Release|Any CPU.ActiveCfg = Release|Any CPU
		{8BEA9307-46B7-41E7-B09C-45D48350EF40}.Release|Any CPU.Build.0 = Release|Any CPU
	EndGlobalSection
	GlobalSection(SolutionProperties) = preSolution
		HideSolutionNode = FALSE
	EndGlobalSection
	GlobalSection(ExtensibilityGlobals) = postSolution
		SolutionGuid = {695FA278-50FE-49E7-9498-11F6CBA6C6E0}
	EndGlobalSection
EndGlobal
